{
  "nodes": {
    "flake-utils": {
      "locked": {
        "lastModified": 1649676176,
        "narHash": "sha256-OWKJratjt2RW151VUlJPRALb7OU2S5s+f0vLj4o1bHM=",
        "owner": "numtide",
        "repo": "flake-utils",
        "rev": "a4b154ebbdc88c8498a5c7b01589addc9e9cb678",
        "type": "github"
      },
      "original": {
        "owner": "numtide",
        "repo": "flake-utils",
        "type": "github"
      }
    },
    "mach-nix": {
      "inputs": {
        "flake-utils": [
          "flake-utils"
        ],
        "nixpkgs": [
          "nixpkgs"
        ],
        "pypi-deps-db": [
          "pypi-deps-db"
        ]
      },
      "locked": {
        "lastModified": 1652117564,
        "narHash": "sha256-4UMrLi4pWb1gQt5ZBJ4y9mJ+HBWR+wtZ3hh6Nh3X8p4=",
        "owner": "bjornfor",
        "repo": "mach-nix",
        "rev": "afce97038da4c397fd223fc608e6fe4930e3050d",
        "type": "github"
      },
      "original": {
        "owner": "bjornfor",
        "ref": "adapt-to-make-binary-wrapper",
        "repo": "mach-nix",
        "type": "github"
      }
    },
    "nixpkgs": {
      "locked": {
        "lastModified": 1652133925,
        "narHash": "sha256-kfATGChLe9/fQVZkXN9G71JAVMlhePv1qDbaRKklkQs=",
        "owner": "NixOS",
        "repo": "nixpkgs",
        "rev": "51d859cdab1ef58755bd342d45352fc607f5e59b",
        "type": "github"
      },
      "original": {
        "owner": "NixOS",
        "ref": "nixpkgs-unstable",
        "repo": "nixpkgs",
        "type": "github"
      }
    },
    "nixpkgsPy36": {
      "locked": {
        "lastModified": 1601475821,
        "narHash": "sha256-7AI8j/xq5slauMGwC3Dp2K9TKDyDtBXBebeyWsE9euE=",
        "owner": "NixOS",
        "repo": "nixpkgs",
        "rev": "b4db68ff563895eea6aab4ff24fa04ef403dfe14",
        "type": "github"
      },
      "original": {
        "id": "nixpkgs",
        "rev": "b4db68ff563895eea6aab4ff24fa04ef403dfe14",
        "type": "indirect"
      }
    },
    "pypi-deps-db": {
      "inputs": {
        "mach-nix": [
          "mach-nix"
        ],
        "nixpkgs": [
          "nixpkgs"
        ],
        "nixpkgsPy36": "nixpkgsPy36",
        "pypiIndex": "pypiIndex"
      },
      "locked": {
        "lastModified": 1652257898,
        "narHash": "sha256-qL5Zs72WPrDiW0EneOUXl1oX42CK7CqJ8q4wqh5MF4s=",
        "owner": "DavHau",
        "repo": "pypi-deps-db",
        "rev": "d83f2cb2a829876eda2ab8fe980b4f1913757bb5",
        "type": "github"
      },
      "original": {
        "owner": "DavHau",
        "repo": "pypi-deps-db",
        "type": "github"
      }
    },
    "pypiIndex": {
      "flake": false,
      "locked": {
        "lastModified": 1652247658,
        "narHash": "sha256-cWnWRe+TlZAUpfNSSjyg/X1JH9Wnwa/mCE4EndRumHQ=",
        "owner": "davhau",
        "repo": "nix-pypi-fetcher",
        "rev": "850f2bdb87e83f222cc8bd4ff48591ebad35d741",
        "type": "github"
      },
      "original": {
        "owner": "davhau",
        "repo": "nix-pypi-fetcher",
        "type": "github"
      }
    },
    "root": {
      "inputs": {
        "flake-utils": "flake-utils",
        "mach-nix": "mach-nix",
        "nixpkgs": "nixpkgs",
        "pypi-deps-db": "pypi-deps-db"
      }
    }
  },
  "root": "root",
  "version": 7
}
