{
  "nodes": {
    "flake-utils": {
      "locked": {
        "lastModified": 1652776076,
        "narHash": "sha256-gzTw/v1vj4dOVbpBSJX4J0DwUR6LIyXo7/SuuTJp1kM=",
        "owner": "numtide",
        "repo": "flake-utils",
        "rev": "04c1b180862888302ddfb2e3ad9eaa63afc60cf8",
        "type": "github"
      },
      "original": {
        "owner": "numtide",
        "repo": "flake-utils",
        "type": "github"
      }
    },
    "mach-nix": {
      "inputs": {
        "flake-utils": [
          "flake-utils"
        ],
        "nixpkgs": [
          "nixpkgs"
        ],
        "pypi-deps-db": [
          "pypi-deps-db"
        ]
      },
      "locked": {
        "lastModified": 1652117564,
        "narHash": "sha256-4UMrLi4pWb1gQt5ZBJ4y9mJ+HBWR+wtZ3hh6Nh3X8p4=",
        "owner": "bjornfor",
        "repo": "mach-nix",
        "rev": "afce97038da4c397fd223fc608e6fe4930e3050d",
        "type": "github"
      },
      "original": {
        "owner": "bjornfor",
        "ref": "adapt-to-make-binary-wrapper",
        "repo": "mach-nix",
        "type": "github"
      }
    },
    "nixpkgs": {
      "locked": {
        "lastModified": 1653326962,
        "narHash": "sha256-W8feCYqKTsMre4nAEpv5Kx1PVFC+hao/LwqtB2Wci/8=",
        "owner": "NixOS",
        "repo": "nixpkgs",
        "rev": "41cc1d5d9584103be4108c1815c350e07c807036",
        "type": "github"
      },
      "original": {
        "owner": "NixOS",
        "ref": "nixpkgs-unstable",
        "repo": "nixpkgs",
        "type": "github"
      }
    },
    "nixpkgsPy36": {
      "locked": {
        "lastModified": 1601475821,
        "narHash": "sha256-7AI8j/xq5slauMGwC3Dp2K9TKDyDtBXBebeyWsE9euE=",
        "owner": "NixOS",
        "repo": "nixpkgs",
        "rev": "b4db68ff563895eea6aab4ff24fa04ef403dfe14",
        "type": "github"
      },
      "original": {
        "id": "nixpkgs",
        "rev": "b4db68ff563895eea6aab4ff24fa04ef403dfe14",
        "type": "indirect"
      }
    },
    "pypi-deps-db": {
      "inputs": {
        "mach-nix": [
          "mach-nix"
        ],
        "nixpkgs": [
          "nixpkgs"
        ],
        "nixpkgsPy36": "nixpkgsPy36",
        "pypiIndex": "pypiIndex"
      },
      "locked": {
        "lastModified": 1653640616,
        "narHash": "sha256-AUk2MfXOpe8ei0q3QIlHqoGwcLZaLfJCFuL4SJm97mc=",
        "owner": "DavHau",
        "repo": "pypi-deps-db",
        "rev": "be0908d04e0f26b32acfa80a5faec0678cd0230a",
        "type": "github"
      },
      "original": {
        "owner": "DavHau",
        "repo": "pypi-deps-db",
        "type": "github"
      }
    },
    "pypiIndex": {
      "flake": false,
      "locked": {
        "lastModified": 1653628568,
        "narHash": "sha256-tkPwQPNluDUzPZMGyCVvJXWZxZLcvJeLU8LvcSevgJ4=",
        "owner": "davhau",
        "repo": "nix-pypi-fetcher",
        "rev": "b039aa311f15626025c1ef8043fd57c546edd8ab",
        "type": "github"
      },
      "original": {
        "owner": "davhau",
        "repo": "nix-pypi-fetcher",
        "type": "github"
      }
    },
    "root": {
      "inputs": {
        "flake-utils": "flake-utils",
        "mach-nix": "mach-nix",
        "nixpkgs": "nixpkgs",
        "pypi-deps-db": "pypi-deps-db"
      }
    }
  },
  "root": "root",
  "version": 7
}
